
Microsoft Visual Studio Solution File, Format Version 12.00
# Visual Studio Version 16
VisualStudioVersion = 16.0.31205.134
MinimumVisualStudioVersion = 10.0.40219.1
Project("{FAE04EC0-301F-11D3-BF4B-00C04F79EFBC}") = "TestApplication7", "TestApplication7\TestApplication7.csproj", "{8F45C477-B5B9-4647-B4D7-C98FAA568FC5}"
EndProject
Project("{FAE04EC0-301F-11D3-BF4B-00C04F79EFBC}") = "TestApplication7.Tests", "TestApplication7.Tests\TestApplication7.Tests.csproj", "{B82BBAAF-505D-44D2-ACF2-E219B8E764E0}"
EndProject
Global
	GlobalSection(SolutionConfigurationPlatforms) = preSolution
		Debug|Any CPU = Debug|Any CPU
		Release|Any CPU = Release|Any CPU
	EndGlobalSection
	GlobalSection(ProjectConfigurationPlatforms) = postSolution
		{8F45C477-B5B9-4647-B4D7-C98FAA568FC5}.Debug|Any CPU.ActiveCfg = Debug|Any CPU
		{8F45C477-B5B9-4647-B4D7-C98FAA568FC5}.Debug|Any CPU.Build.0 = Debug|Any CPU
		{8F45C477-B5B9-4647-B4D7-C98FAA568FC5}.Release|Any CPU.ActiveCfg = Release|Any CPU
		{8F45C477-B5B9-4647-B4D7-C98FAA568FC5}.Release|Any CPU.Build.0 = Release|Any CPU
		{B82BBAAF-505D-44D2-ACF2-E219B8E764E0}.Debug|Any CPU.ActiveCfg = Debug|Any CPU
		{B82BBAAF-505D-44D2-ACF2-E219B8E764E0}.Debug|Any CPU.Build.0 = Debug|Any CPU
		{B82BBAAF-505D-44D2-ACF2-E219B8E764E0}.Release|Any CPU.ActiveCfg = Release|Any CPU
		{B82BBAAF-505D-44D2-ACF2-E219B8E764E0}.Release|Any CPU.Build.0 = Release|Any CPU
	EndGlobalSection
	GlobalSection(SolutionProperties) = preSolution
		HideSolutionNode = FALSE
	EndGlobalSection
	GlobalSection(ExtensibilityGlobals) = postSolution
		SolutionGuid = {F970CA55-1A4E-4B0C-ACDB-7D49CBE67611}
	EndGlobalSection
EndGlobal
